
Microsoft Visual Studio Solution File, Format Version 12.00
# Visual Studio 15
VisualStudioVersion = 15.0.28307.645
MinimumVisualStudioVersion = 10.0.40219.1
Project("{9A19103F-16F7-4668-BE54-9A1E7A4F7556}") = "UserService", "UserService\UserService.csproj", "{E6CB7247-CCEC-4AB3-BCC6-BE798CF4AB8A}"
EndProject
Project("{2150E333-8FDC-42A3-9474-1A3956D46DE8}") = "User", "User", "{71355F72-C877-48A9-9078-53166C3FDDE2}"
EndProject
Project("{9A19103F-16F7-4668-BE54-9A1E7A4F7556}") = "UserService.Data", "UserService.Data\UserService.Data.csproj", "{A839C281-1AF0-4191-AF86-65F624AD99F5}"
EndProject
Project("{2150E333-8FDC-42A3-9474-1A3956D46DE8}") = "Project", "Project", "{576AF23A-77F7-4BD3-8A6C-6D5E38A5DF19}"
EndProject
Project("{9A19103F-16F7-4668-BE54-9A1E7A4F7556}") = "ProjectService", "ProjectService\ProjectService.csproj", "{69BA1C11-851B-4FFF-A427-B55A331AE746}"
EndProject
Project("{9A19103F-16F7-4668-BE54-9A1E7A4F7556}") = "ProjectService.Data", "ProjectService.Data\ProjectService.Data.csproj", "{DC46643E-0EEE-4404-A01A-12DD5E260F86}"
EndProject
Project("{2150E333-8FDC-42A3-9474-1A3956D46DE8}") = "Bffs", "Bffs", "{1BC9506C-D54C-4C46-B3F0-2E192D67C68C}"
EndProject
Project("{9A19103F-16F7-4668-BE54-9A1E7A4F7556}") = "Microservices.CoreBff", "Microservices.CoreBff\Microservices.CoreBff.csproj", "{2FD31AD3-69A1-4C6C-BE8F-7EBC4A621F9C}"
EndProject
Global
	GlobalSection(SolutionConfigurationPlatforms) = preSolution
		Debug|Any CPU = Debug|Any CPU
		Release|Any CPU = Release|Any CPU
	EndGlobalSection
	GlobalSection(ProjectConfigurationPlatforms) = postSolution
		{E6CB7247-CCEC-4AB3-BCC6-BE798CF4AB8A}.Debug|Any CPU.ActiveCfg = Debug|Any CPU
		{E6CB7247-CCEC-4AB3-BCC6-BE798CF4AB8A}.Debug|Any CPU.Build.0 = Debug|Any CPU
		{E6CB7247-CCEC-4AB3-BCC6-BE798CF4AB8A}.Release|Any CPU.ActiveCfg = Release|Any CPU
		{E6CB7247-CCEC-4AB3-BCC6-BE798CF4AB8A}.Release|Any CPU.Build.0 = Release|Any CPU
		{A839C281-1AF0-4191-AF86-65F624AD99F5}.Debug|Any CPU.ActiveCfg = Debug|Any CPU
		{A839C281-1AF0-4191-AF86-65F624AD99F5}.Debug|Any CPU.Build.0 = Debug|Any CPU
		{A839C281-1AF0-4191-AF86-65F624AD99F5}.Release|Any CPU.ActiveCfg = Release|Any CPU
		{A839C281-1AF0-4191-AF86-65F624AD99F5}.Release|Any CPU.Build.0 = Release|Any CPU
		{69BA1C11-851B-4FFF-A427-B55A331AE746}.Debug|Any CPU.ActiveCfg = Debug|Any CPU
		{69BA1C11-851B-4FFF-A427-B55A331AE746}.Debug|Any CPU.Build.0 = Debug|Any CPU
		{69BA1C11-851B-4FFF-A427-B55A331AE746}.Release|Any CPU.ActiveCfg = Release|Any CPU
		{69BA1C11-851B-4FFF-A427-B55A331AE746}.Release|Any CPU.Build.0 = Release|Any CPU
		{DC46643E-0EEE-4404-A01A-12DD5E260F86}.Debug|Any CPU.ActiveCfg = Debug|Any CPU
		{DC46643E-0EEE-4404-A01A-12DD5E260F86}.Debug|Any CPU.Build.0 = Debug|Any CPU
		{DC46643E-0EEE-4404-A01A-12DD5E260F86}.Release|Any CPU.ActiveCfg = Release|Any CPU
		{DC46643E-0EEE-4404-A01A-12DD5E260F86}.Release|Any CPU.Build.0 = Release|Any CPU
		{2FD31AD3-69A1-4C6C-BE8F-7EBC4A621F9C}.Debug|Any CPU.ActiveCfg = Debug|Any CPU
		{2FD31AD3-69A1-4C6C-BE8F-7EBC4A621F9C}.Debug|Any CPU.Build.0 = Debug|Any CPU
		{2FD31AD3-69A1-4C6C-BE8F-7EBC4A621F9C}.Release|Any CPU.ActiveCfg = Release|Any CPU
		{2FD31AD3-69A1-4C6C-BE8F-7EBC4A621F9C}.Release|Any CPU.Build.0 = Release|Any CPU
	EndGlobalSection
	GlobalSection(SolutionProperties) = preSolution
		HideSolutionNode = FALSE
	EndGlobalSection
	GlobalSection(NestedProjects) = preSolution
		{E6CB7247-CCEC-4AB3-BCC6-BE798CF4AB8A} = {71355F72-C877-48A9-9078-53166C3FDDE2}
		{A839C281-1AF0-4191-AF86-65F624AD99F5} = {71355F72-C877-48A9-9078-53166C3FDDE2}
		{69BA1C11-851B-4FFF-A427-B55A331AE746} = {576AF23A-77F7-4BD3-8A6C-6D5E38A5DF19}
		{DC46643E-0EEE-4404-A01A-12DD5E260F86} = {576AF23A-77F7-4BD3-8A6C-6D5E38A5DF19}
		{2FD31AD3-69A1-4C6C-BE8F-7EBC4A621F9C} = {1BC9506C-D54C-4C46-B3F0-2E192D67C68C}
	EndGlobalSection
	GlobalSection(ExtensibilityGlobals) = postSolution
		SolutionGuid = {CDB0E2CB-44F4-4208-B041-85AF7606F8F2}
	EndGlobalSection
EndGlobal
